
Microsoft Visual Studio Solution File, Format Version 12.00
# Visual Studio Version 17
VisualStudioVersion = 17.4.33213.308
MinimumVisualStudioVersion = 10.0.40219.1
Project("{FAE04EC0-301F-11D3-BF4B-00C04F79EFBC}") = "2.30_", "2.30_\2.30_.csproj", "{BB0F29FB-B3C1-4F3A-8EDE-4714A6D49652}"
EndProject
Global
	GlobalSection(SolutionConfigurationPlatforms) = preSolution
		Debug|Any CPU = Debug|Any CPU
		Release|Any CPU = Release|Any CPU
	EndGlobalSection
	GlobalSection(ProjectConfigurationPlatforms) = postSolution
		{BB0F29FB-B3C1-4F3A-8EDE-4714A6D49652}.Debug|Any CPU.ActiveCfg = Debug|Any CPU
		{BB0F29FB-B3C1-4F3A-8EDE-4714A6D49652}.Debug|Any CPU.Build.0 = Debug|Any CPU
		{BB0F29FB-B3C1-4F3A-8EDE-4714A6D49652}.Release|Any CPU.ActiveCfg = Release|Any CPU
		{BB0F29FB-B3C1-4F3A-8EDE-4714A6D49652}.Release|Any CPU.Build.0 = Release|Any CPU
	EndGlobalSection
	GlobalSection(SolutionProperties) = preSolution
		HideSolutionNode = FALSE
	EndGlobalSection
	GlobalSection(ExtensibilityGlobals) = postSolution
		SolutionGuid = {E91404AF-FD9D-4AC8-B71E-5888965B01C2}
	EndGlobalSection
EndGlobal
